// !$*UTF8*$!
{
	archiveVersion = 1;
	classes = {
	};
	objectVersion = 77;
	objects = {

/* Begin PBXBuildFile section */
		4B1E0A292E80000100A1B2C3 /* DaysUntilWidget.appex in Embed Foundation Extensions */ = {isa = PBXBuildFile; fileRef = 4B1E0A202E80000100A1B2C3 /* DaysUntilWidget.appex */; settings = {ATTRIBUTES = (RemoveHeadersOnCopy, ); }; };
		4B1E0A402E80000100A1B2C3 /* Sparkle in Frameworks */ = {isa = PBXBuildFile; productRef = 4B1E0A422E80000100A1B2C3 /* Sparkle */; };
/* End PBXBuildFile section */

/* Begin PBXContainerItemProxy section */
		4B1E0A162E80000100A1B2C3 /* PBXContainerItemProxy */ = {
			isa = PBXContainerItemProxy;
			containerPortal = 4B1E0A092E80000100A1B2C3 /* Project object */;
			proxyType = 1;
			remoteGlobalIDString = 4B1E0A062E80000100A1B2C3;
			remoteInfo = DaysUntil;
		};
		4B1E0A2A2E80000100A1B2C3 /* PBXContainerItemProxy */ = {
			isa = PBXContainerItemProxy;
			containerPortal = 4B1E0A092E80000100A1B2C3 /* Project object */;
			proxyType = 1;
			remoteGlobalIDString = 4B1E0A2C2E80000100A1B2C3;
			remoteInfo = DaysUntilWidget;
		};
/* End PBXContainerItemProxy section */

/* Begin PBXCopyFilesBuildPhase section */
		4B1E0A282E80000100A1B2C3 /* Embed Foundation Extensions */ = {
			isa = PBXCopyFilesBuildPhase;
			buildActionMask = 2147483647;
			dstPath = "";
			dstSubfolderSpec = 13;
			files = (
				4B1E0A292E80000100A1B2C3 /* DaysUntilWidget.appex in Embed Foundation Extensions */,
			);
			name = "Embed Foundation Extensions";
			runOnlyForDeploymentPostprocessing = 0;
		};
/* End PBXCopyFilesBuildPhase section */

/* Begin PBXFileReference section */
		4B1E0A012E80000100A1B2C3 /* Days Until.app */ = {isa = PBXFileReference; explicitFileType = wrapper.application; includeInIndex = 0; path = "Days Until.app"; sourceTree = BUILT_PRODUCTS_DIR; };
		4B1E0A102E80000100A1B2C3 /* DaysUntilTests.xctest */ = {isa = PBXFileReference; explicitFileType = wrapper.cfbundle; includeInIndex = 0; path = DaysUntilTests.xctest; sourceTree = BUILT_PRODUCTS_DIR; };
		4B1E0A202E80000100A1B2C3 /* DaysUntilWidget.appex */ = {isa = PBXFileReference; explicitFileType = "wrapper.app-extension"; includeInIndex = 0; path = DaysUntilWidget.appex; sourceTree = BUILT_PRODUCTS_DIR; };
		4B1E0A302E80000100A1B2C3 /* DaysUntilWidgetTests.xctest */ = {isa = PBXFileReference; explicitFileType = wrapper.cfbundle; includeInIndex = 0; path = DaysUntilWidgetTests.xctest; sourceTree = BUILT_PRODUCTS_DIR; };
/* End PBXFileReference section */

/* Begin PBXFileSystemSynchronizedBuildFileExceptionSet section */
		4B1E0A222E80000100A1B2C3 /* Exceptions for "DaysUntil" folder in "DaysUntil" target */ = {
			isa = PBXFileSystemSynchronizedBuildFileExceptionSet;
			membershipExceptions = (
				Info.plist,
			);
			target = 4B1E0A062E80000100A1B2C3 /* DaysUntil */;
		};
		4B1E0A232E80000100A1B2C3 /* Exceptions for "DaysUntil" folder in "DaysUntilWidget" target */ = {
			isa = PBXFileSystemSynchronizedBuildFileExceptionSet;
			membershipExceptions = (
				Localizable.xcstrings,
				Model/Countdown.swift,
				Model/CountdownMath.swift,
				Views/NumberPhrase.swift,
				Views/RunwayView.swift,
				Views/Theme.swift,
			);
			target = 4B1E0A2C2E80000100A1B2C3 /* DaysUntilWidget */;
		};
		4B1E0A242E80000100A1B2C3 /* Exceptions for "DaysUntilWidget" folder in "DaysUntilWidget" target */ = {
			isa = PBXFileSystemSynchronizedBuildFileExceptionSet;
			membershipExceptions = (
				Info.plist,
			);
			target = 4B1E0A2C2E80000100A1B2C3 /* DaysUntilWidget */;
		};
		4B1E0A322E80000100A1B2C3 /* Exceptions for "DaysUntil" folder in "DaysUntilWidgetTests" target */ = {
			isa = PBXFileSystemSynchronizedBuildFileExceptionSet;
			membershipExceptions = (
				Model/Countdown.swift,
				Model/CountdownMath.swift,
				Views/NumberPhrase.swift,
				Views/RunwayView.swift,
				Views/Theme.swift,
			);
			target = 4B1E0A372E80000100A1B2C3 /* DaysUntilWidgetTests */;
		};
		4B1E0A332E80000100A1B2C3 /* Exceptions for "DaysUntilWidget" folder in "DaysUntilWidgetTests" target */ = {
			isa = PBXFileSystemSynchronizedBuildFileExceptionSet;
			membershipExceptions = (
				CountdownProvider.swift,
				CountdownWidgetView.swift,
				WidgetRunway.swift,
			);
			target = 4B1E0A372E80000100A1B2C3 /* DaysUntilWidgetTests */;
		};
/* End PBXFileSystemSynchronizedBuildFileExceptionSet section */

/* Begin PBXFileSystemSynchronizedRootGroup section */
		4B1E0A022E80000100A1B2C3 /* DaysUntil */ = {
			isa = PBXFileSystemSynchronizedRootGroup;
			exceptions = (
				4B1E0A222E80000100A1B2C3 /* Exceptions for "DaysUntil" folder in "DaysUntil" target */,
				4B1E0A232E80000100A1B2C3 /* Exceptions for "DaysUntil" folder in "DaysUntilWidget" target */,
				4B1E0A322E80000100A1B2C3 /* Exceptions for "DaysUntil" folder in "DaysUntilWidgetTests" target */,
			);
			path = DaysUntil;
			sourceTree = "<group>";
		};
		4B1E0A112E80000100A1B2C3 /* DaysUntilTests */ = {
			isa = PBXFileSystemSynchronizedRootGroup;
			path = DaysUntilTests;
			sourceTree = "<group>";
		};
		4B1E0A212E80000100A1B2C3 /* DaysUntilWidget */ = {
			isa = PBXFileSystemSynchronizedRootGroup;
			exceptions = (
				4B1E0A242E80000100A1B2C3 /* Exceptions for "DaysUntilWidget" folder in "DaysUntilWidget" target */,
				4B1E0A332E80000100A1B2C3 /* Exceptions for "DaysUntilWidget" folder in "DaysUntilWidgetTests" target */,
			);
			path = DaysUntilWidget;
			sourceTree = "<group>";
		};
		4B1E0A312E80000100A1B2C3 /* DaysUntilWidgetTests */ = {
			isa = PBXFileSystemSynchronizedRootGroup;
			path = DaysUntilWidgetTests;
			sourceTree = "<group>";
		};
/* End PBXFileSystemSynchronizedRootGroup section */

/* Begin PBXFrameworksBuildPhase section */
		4B1E0A032E80000100A1B2C3 /* Frameworks */ = {
			isa = PBXFrameworksBuildPhase;
			buildActionMask = 2147483647;
			files = (
				4B1E0A402E80000100A1B2C3 /* Sparkle in Frameworks */,
			);
			runOnlyForDeploymentPostprocessing = 0;
		};
		4B1E0A122E80000100A1B2C3 /* Frameworks */ = {
			isa = PBXFrameworksBuildPhase;
			buildActionMask = 2147483647;
			files = (
			);
			runOnlyForDeploymentPostprocessing = 0;
		};
		4B1E0A262E80000100A1B2C3 /* Frameworks */ = {
			isa = PBXFrameworksBuildPhase;
			buildActionMask = 2147483647;
			files = (
			);
			runOnlyForDeploymentPostprocessing = 0;
		};
		4B1E0A352E80000100A1B2C3 /* Frameworks */ = {
			isa = PBXFrameworksBuildPhase;
			buildActionMask = 2147483647;
			files = (
			);
			runOnlyForDeploymentPostprocessing = 0;
		};
/* End PBXFrameworksBuildPhase section */

/* Begin PBXGroup section */
		4B1E0A042E80000100A1B2C3 = {
			isa = PBXGroup;
			children = (
				4B1E0A022E80000100A1B2C3 /* DaysUntil */,
				4B1E0A112E80000100A1B2C3 /* DaysUntilTests */,
				4B1E0A212E80000100A1B2C3 /* DaysUntilWidget */,
				4B1E0A312E80000100A1B2C3 /* DaysUntilWidgetTests */,
				4B1E0A052E80000100A1B2C3 /* Products */,
			);
			sourceTree = "<group>";
		};
		4B1E0A052E80000100A1B2C3 /* Products */ = {
			isa = PBXGroup;
			children = (
				4B1E0A012E80000100A1B2C3 /* Days Until.app */,
				4B1E0A102E80000100A1B2C3 /* DaysUntilTests.xctest */,
				4B1E0A202E80000100A1B2C3 /* DaysUntilWidget.appex */,
				4B1E0A302E80000100A1B2C3 /* DaysUntilWidgetTests.xctest */,
			);
			name = Products;
			sourceTree = "<group>";
		};
/* End PBXGroup section */

/* Begin PBXNativeTarget section */
		4B1E0A062E80000100A1B2C3 /* DaysUntil */ = {
			isa = PBXNativeTarget;
			buildConfigurationList = 4B1E0A0B2E80000100A1B2C3 /* Build configuration list for PBXNativeTarget "DaysUntil" */;
			buildPhases = (
				4B1E0A072E80000100A1B2C3 /* Sources */,
				4B1E0A032E80000100A1B2C3 /* Frameworks */,
				4B1E0A082E80000100A1B2C3 /* Resources */,
				4B1E0A282E80000100A1B2C3 /* Embed Foundation Extensions */,
			);
			buildRules = (
			);
			dependencies = (
				4B1E0A2B2E80000100A1B2C3 /* PBXTargetDependency */,
			);
			fileSystemSynchronizedGroups = (
				4B1E0A022E80000100A1B2C3 /* DaysUntil */,
			);
			name = DaysUntil;
			packageProductDependencies = (
				4B1E0A422E80000100A1B2C3 /* Sparkle */,
			);
			productName = DaysUntil;
			productReference = 4B1E0A012E80000100A1B2C3 /* Days Until.app */;
			productType = "com.apple.product-type.application";
		};
		4B1E0A152E80000100A1B2C3 /* DaysUntilTests */ = {
			isa = PBXNativeTarget;
			buildConfigurationList = 4B1E0A182E80000100A1B2C3 /* Build configuration list for PBXNativeTarget "DaysUntilTests" */;
			buildPhases = (
				4B1E0A132E80000100A1B2C3 /* Sources */,
				4B1E0A122E80000100A1B2C3 /* Frameworks */,
				4B1E0A142E80000100A1B2C3 /* Resources */,
			);
			buildRules = (
			);
			dependencies = (
				4B1E0A172E80000100A1B2C3 /* PBXTargetDependency */,
			);
			fileSystemSynchronizedGroups = (
				4B1E0A112E80000100A1B2C3 /* DaysUntilTests */,
			);
			name = DaysUntilTests;
			packageProductDependencies = (
			);
			productName = DaysUntilTests;
			productReference = 4B1E0A102E80000100A1B2C3 /* DaysUntilTests.xctest */;
			productType = "com.apple.product-type.bundle.unit-test";
		};
		4B1E0A2C2E80000100A1B2C3 /* DaysUntilWidget */ = {
			isa = PBXNativeTarget;
			buildConfigurationList = 4B1E0A2D2E80000100A1B2C3 /* Build configuration list for PBXNativeTarget "DaysUntilWidget" */;
			buildPhases = (
				4B1E0A252E80000100A1B2C3 /* Sources */,
				4B1E0A262E80000100A1B2C3 /* Frameworks */,
				4B1E0A272E80000100A1B2C3 /* Resources */,
			);
			buildRules = (
			);
			dependencies = (
			);
			fileSystemSynchronizedGroups = (
				4B1E0A212E80000100A1B2C3 /* DaysUntilWidget */,
			);
			name = DaysUntilWidget;
			packageProductDependencies = (
			);
			productName = DaysUntilWidget;
			productReference = 4B1E0A202E80000100A1B2C3 /* DaysUntilWidget.appex */;
			productType = "com.apple.product-type.app-extension";
		};
		4B1E0A372E80000100A1B2C3 /* DaysUntilWidgetTests */ = {
			isa = PBXNativeTarget;
			buildConfigurationList = 4B1E0A382E80000100A1B2C3 /* Build configuration list for PBXNativeTarget "DaysUntilWidgetTests" */;
			buildPhases = (
				4B1E0A342E80000100A1B2C3 /* Sources */,
				4B1E0A352E80000100A1B2C3 /* Frameworks */,
				4B1E0A362E80000100A1B2C3 /* Resources */,
			);
			buildRules = (
			);
			dependencies = (
			);
			fileSystemSynchronizedGroups = (
				4B1E0A312E80000100A1B2C3 /* DaysUntilWidgetTests */,
			);
			name = DaysUntilWidgetTests;
			packageProductDependencies = (
			);
			productName = DaysUntilWidgetTests;
			productReference = 4B1E0A302E80000100A1B2C3 /* DaysUntilWidgetTests.xctest */;
			productType = "com.apple.product-type.bundle.unit-test";
		};
/* End PBXNativeTarget section */

/* Begin PBXProject section */
		4B1E0A092E80000100A1B2C3 /* Project object */ = {
			isa = PBXProject;
			attributes = {
				BuildIndependentTargetsInParallel = 1;
				LastSwiftUpdateCheck = 2700;
				LastUpgradeCheck = 2700;
				TargetAttributes = {
					4B1E0A062E80000100A1B2C3 = {
						CreatedOnToolsVersion = 27.0;
					};
					4B1E0A152E80000100A1B2C3 = {
						CreatedOnToolsVersion = 27.0;
						TestTargetID = 4B1E0A062E80000100A1B2C3;
					};
					4B1E0A2C2E80000100A1B2C3 = {
						CreatedOnToolsVersion = 27.0;
					};
					4B1E0A372E80000100A1B2C3 = {
						CreatedOnToolsVersion = 27.0;
					};
				};
			};
			buildConfigurationList = 4B1E0A0A2E80000100A1B2C3 /* Build configuration list for PBXProject "DaysUntil" */;
			developmentRegion = en;
			hasScannedForEncodings = 0;
			knownRegions = (
				en,
				Base,
				ja,
				ko,
				"zh-Hans",
				"zh-Hant",
			);
			mainGroup = 4B1E0A042E80000100A1B2C3;
			minimizedProjectReferenceProxies = 1;
			packageReferences = (
				4B1E0A412E80000100A1B2C3 /* XCRemoteSwiftPackageReference "Sparkle" */,
			);
			preferredProjectObjectVersion = 77;
			productRefGroup = 4B1E0A052E80000100A1B2C3 /* Products */;
			projectDirPath = "";
			projectRoot = "";
			targets = (
				4B1E0A062E80000100A1B2C3 /* DaysUntil */,
				4B1E0A152E80000100A1B2C3 /* DaysUntilTests */,
				4B1E0A2C2E80000100A1B2C3 /* DaysUntilWidget */,
				4B1E0A372E80000100A1B2C3 /* DaysUntilWidgetTests */,
			);
		};
/* End PBXProject section */

/* Begin PBXResourcesBuildPhase section */
		4B1E0A082E80000100A1B2C3 /* Resources */ = {
			isa = PBXResourcesBuildPhase;
			buildActionMask = 2147483647;
			files = (
			);
			runOnlyForDeploymentPostprocessing = 0;
		};
		4B1E0A142E80000100A1B2C3 /* Resources */ = {
			isa = PBXResourcesBuildPhase;
			buildActionMask = 2147483647;
			files = (
			);
			runOnlyForDeploymentPostprocessing = 0;
		};
		4B1E0A272E80000100A1B2C3 /* Resources */ = {
			isa = PBXResourcesBuildPhase;
			buildActionMask = 2147483647;
			files = (
			);
			runOnlyForDeploymentPostprocessing = 0;
		};
		4B1E0A362E80000100A1B2C3 /* Resources */ = {
			isa = PBXResourcesBuildPhase;
			buildActionMask = 2147483647;
			files = (
			);
			runOnlyForDeploymentPostprocessing = 0;
		};
/* End PBXResourcesBuildPhase section */

/* Begin PBXSourcesBuildPhase section */
		4B1E0A072E80000100A1B2C3 /* Sources */ = {
			isa = PBXSourcesBuildPhase;
			buildActionMask = 2147483647;
			files = (
			);
			runOnlyForDeploymentPostprocessing = 0;
		};
		4B1E0A132E80000100A1B2C3 /* Sources */ = {
			isa = PBXSourcesBuildPhase;
			buildActionMask = 2147483647;
			files = (
			);
			runOnlyForDeploymentPostprocessing = 0;
		};
		4B1E0A252E80000100A1B2C3 /* Sources */ = {
			isa = PBXSourcesBuildPhase;
			buildActionMask = 2147483647;
			files = (
			);
			runOnlyForDeploymentPostprocessing = 0;
		};
		4B1E0A342E80000100A1B2C3 /* Sources */ = {
			isa = PBXSourcesBuildPhase;
			buildActionMask = 2147483647;
			files = (
			);
			runOnlyForDeploymentPostprocessing = 0;
		};
/* End PBXSourcesBuildPhase section */

/* Begin PBXTargetDependency section */
		4B1E0A172E80000100A1B2C3 /* PBXTargetDependency */ = {
			isa = PBXTargetDependency;
			target = 4B1E0A062E80000100A1B2C3 /* DaysUntil */;
			targetProxy = 4B1E0A162E80000100A1B2C3 /* PBXContainerItemProxy */;
		};
		4B1E0A2B2E80000100A1B2C3 /* PBXTargetDependency */ = {
			isa = PBXTargetDependency;
			target = 4B1E0A2C2E80000100A1B2C3 /* DaysUntilWidget */;
			targetProxy = 4B1E0A2A2E80000100A1B2C3 /* PBXContainerItemProxy */;
		};
/* End PBXTargetDependency section */

/* Begin XCBuildConfiguration section */
		4B1E0A0C2E80000100A1B2C3 /* Debug */ = {
			isa = XCBuildConfiguration;
			buildSettings = {
				ALWAYS_SEARCH_USER_PATHS = NO;
				CLANG_ENABLE_MODULES = YES;
				CLANG_ENABLE_OBJC_ARC = YES;
				COPY_PHASE_STRIP = NO;
				DEAD_CODE_STRIPPING = YES;
				DEBUG_INFORMATION_FORMAT = dwarf;
				ENABLE_STRICT_OBJC_MSGSEND = YES;
				ENABLE_TESTABILITY = YES;
				ENABLE_USER_SCRIPT_SANDBOXING = YES;
				GCC_OPTIMIZATION_LEVEL = 0;
				GCC_PREPROCESSOR_DEFINITIONS = (
					"DEBUG=1",
					"$(inherited)",
				);
				LOCALIZATION_PREFERS_STRING_CATALOGS = YES;
				MACOSX_DEPLOYMENT_TARGET = 13.0;
				ONLY_ACTIVE_ARCH = YES;
				SDKROOT = macosx;
				SWIFT_ACTIVE_COMPILATION_CONDITIONS = "DEBUG $(inherited)";
				SWIFT_OPTIMIZATION_LEVEL = "-Onone";
			};
			name = Debug;
		};
		4B1E0A0D2E80000100A1B2C3 /* Release */ = {
			isa = XCBuildConfiguration;
			buildSettings = {
				ALWAYS_SEARCH_USER_PATHS = NO;
				CLANG_ENABLE_MODULES = YES;
				CLANG_ENABLE_OBJC_ARC = YES;
				COPY_PHASE_STRIP = NO;
				DEAD_CODE_STRIPPING = YES;
				DEBUG_INFORMATION_FORMAT = "dwarf-with-dsym";
				ENABLE_NS_ASSERTIONS = NO;
				ENABLE_STRICT_OBJC_MSGSEND = YES;
				ENABLE_USER_SCRIPT_SANDBOXING = YES;
				LOCALIZATION_PREFERS_STRING_CATALOGS = YES;
				MACOSX_DEPLOYMENT_TARGET = 13.0;
				SDKROOT = macosx;
				SWIFT_COMPILATION_MODE = wholemodule;
			};
			name = Release;
		};
		4B1E0A0E2E80000100A1B2C3 /* Debug */ = {
			isa = XCBuildConfiguration;
			buildSettings = {
				ASSETCATALOG_COMPILER_APPICON_NAME = AppIcon;
				CODE_SIGN_ENTITLEMENTS = DaysUntil/DaysUntil.entitlements;
				CODE_SIGN_IDENTITY = "-";
				CODE_SIGN_STYLE = Automatic;
				COMBINE_HIDPI_IMAGES = YES;
				CURRENT_PROJECT_VERSION = 12;
				ENABLE_APP_SANDBOX = YES;
				ENABLE_HARDENED_RUNTIME = YES;
				ENABLE_PREVIEWS = YES;
				GENERATE_INFOPLIST_FILE = YES;
				INFOPLIST_FILE = DaysUntil/Info.plist;
				INFOPLIST_KEY_CFBundleDisplayName = "Days Until";
				INFOPLIST_KEY_LSApplicationCategoryType = "public.app-category.productivity";
				INFOPLIST_KEY_LSUIElement = YES;
				INFOPLIST_KEY_NSHumanReadableCopyright = "Copyright © 2026 Yinfeng Lu";
				LD_RUNPATH_SEARCH_PATHS = (
					"$(inherited)",
					"@executable_path/../Frameworks",
				);
				MARKETING_VERSION = 0.3.4;
				EXECUTABLE_NAME = DaysUntil;
				PRODUCT_BUNDLE_IDENTIFIER = com.yinfenglu.DaysUntil;
				PRODUCT_MODULE_NAME = DaysUntil;
				PRODUCT_NAME = "Days Until";
				SWIFT_APPROACHABLE_CONCURRENCY = YES;
				SWIFT_DEFAULT_ACTOR_ISOLATION = MainActor;
				SWIFT_EMIT_LOC_STRINGS = YES;
				SWIFT_UPCOMING_FEATURE_MEMBER_IMPORT_VISIBILITY = YES;
				SWIFT_VERSION = 6.0;
			};
			name = Debug;
		};
		4B1E0A0F2E80000100A1B2C3 /* Release */ = {
			isa = XCBuildConfiguration;
			buildSettings = {
				ASSETCATALOG_COMPILER_APPICON_NAME = AppIcon;
				CODE_SIGN_ENTITLEMENTS = DaysUntil/DaysUntil.entitlements;
				CODE_SIGN_IDENTITY = "-";
				CODE_SIGN_INJECT_BASE_ENTITLEMENTS = NO;
				CODE_SIGN_STYLE = Automatic;
				COMBINE_HIDPI_IMAGES = YES;
				CURRENT_PROJECT_VERSION = 12;
				ENABLE_APP_SANDBOX = YES;
				ENABLE_HARDENED_RUNTIME = YES;
				ENABLE_PREVIEWS = YES;
				GENERATE_INFOPLIST_FILE = YES;
				INFOPLIST_FILE = DaysUntil/Info.plist;
				INFOPLIST_KEY_CFBundleDisplayName = "Days Until";
				INFOPLIST_KEY_LSApplicationCategoryType = "public.app-category.productivity";
				INFOPLIST_KEY_LSUIElement = YES;
				INFOPLIST_KEY_NSHumanReadableCopyright = "Copyright © 2026 Yinfeng Lu";
				LD_RUNPATH_SEARCH_PATHS = (
					"$(inherited)",
					"@executable_path/../Frameworks",
				);
				MARKETING_VERSION = 0.3.4;
				EXECUTABLE_NAME = DaysUntil;
				PRODUCT_BUNDLE_IDENTIFIER = com.yinfenglu.DaysUntil;
				PRODUCT_MODULE_NAME = DaysUntil;
				PRODUCT_NAME = "Days Until";
				SWIFT_APPROACHABLE_CONCURRENCY = YES;
				SWIFT_DEFAULT_ACTOR_ISOLATION = MainActor;
				SWIFT_EMIT_LOC_STRINGS = YES;
				SWIFT_UPCOMING_FEATURE_MEMBER_IMPORT_VISIBILITY = YES;
				SWIFT_VERSION = 6.0;
			};
			name = Release;
		};
		4B1E0A192E80000100A1B2C3 /* Debug */ = {
			isa = XCBuildConfiguration;
			buildSettings = {
				BUNDLE_LOADER = "$(TEST_HOST)";
				CODE_SIGN_IDENTITY = "-";
				CODE_SIGN_STYLE = Automatic;
				CURRENT_PROJECT_VERSION = 12;
				GENERATE_INFOPLIST_FILE = YES;
				MACOSX_DEPLOYMENT_TARGET = 14.0;
				MARKETING_VERSION = 0.3.4;
				PRODUCT_BUNDLE_IDENTIFIER = com.yinfenglu.DaysUntilTests;
				PRODUCT_NAME = "$(TARGET_NAME)";
				SWIFT_APPROACHABLE_CONCURRENCY = YES;
				SWIFT_EMIT_LOC_STRINGS = NO;
				SWIFT_UPCOMING_FEATURE_MEMBER_IMPORT_VISIBILITY = YES;
				SWIFT_VERSION = 6.0;
				TEST_HOST = "$(BUILT_PRODUCTS_DIR)/Days Until.app/$(BUNDLE_EXECUTABLE_FOLDER_PATH)/DaysUntil";
			};
			name = Debug;
		};
		4B1E0A1A2E80000100A1B2C3 /* Release */ = {
			isa = XCBuildConfiguration;
			buildSettings = {
				BUNDLE_LOADER = "$(TEST_HOST)";
				CODE_SIGN_IDENTITY = "-";
				CODE_SIGN_STYLE = Automatic;
				CURRENT_PROJECT_VERSION = 12;
				GENERATE_INFOPLIST_FILE = YES;
				MACOSX_DEPLOYMENT_TARGET = 14.0;
				MARKETING_VERSION = 0.3.4;
				PRODUCT_BUNDLE_IDENTIFIER = com.yinfenglu.DaysUntilTests;
				PRODUCT_NAME = "$(TARGET_NAME)";
				SWIFT_APPROACHABLE_CONCURRENCY = YES;
				SWIFT_EMIT_LOC_STRINGS = NO;
				SWIFT_UPCOMING_FEATURE_MEMBER_IMPORT_VISIBILITY = YES;
				SWIFT_VERSION = 6.0;
				TEST_HOST = "$(BUILT_PRODUCTS_DIR)/Days Until.app/$(BUNDLE_EXECUTABLE_FOLDER_PATH)/DaysUntil";
			};
			name = Release;
		};
		4B1E0A2E2E80000100A1B2C3 /* Debug */ = {
			isa = XCBuildConfiguration;
			buildSettings = {
				CODE_SIGN_ENTITLEMENTS = DaysUntilWidget/DaysUntilWidget.entitlements;
				CODE_SIGN_IDENTITY = "-";
				CODE_SIGN_STYLE = Automatic;
				CURRENT_PROJECT_VERSION = 12;
				ENABLE_APP_SANDBOX = YES;
				ENABLE_HARDENED_RUNTIME = YES;
				GENERATE_INFOPLIST_FILE = YES;
				INFOPLIST_FILE = DaysUntilWidget/Info.plist;
				INFOPLIST_KEY_CFBundleDisplayName = "Days Until";
				INFOPLIST_KEY_NSHumanReadableCopyright = "Copyright © 2026 Yinfeng Lu";
				LD_RUNPATH_SEARCH_PATHS = (
					"$(inherited)",
					"@executable_path/../Frameworks",
					"@executable_path/../../../../Frameworks",
				);
				MACOSX_DEPLOYMENT_TARGET = 14.0;
				MARKETING_VERSION = 0.3.4;
				PRODUCT_BUNDLE_IDENTIFIER = com.yinfenglu.DaysUntil.Widget;
				PRODUCT_NAME = "$(TARGET_NAME)";
				SKIP_INSTALL = YES;
				SWIFT_APPROACHABLE_CONCURRENCY = YES;
				SWIFT_DEFAULT_ACTOR_ISOLATION = MainActor;
				SWIFT_EMIT_LOC_STRINGS = YES;
				SWIFT_UPCOMING_FEATURE_MEMBER_IMPORT_VISIBILITY = YES;
				SWIFT_VERSION = 6.0;
			};
			name = Debug;
		};
		4B1E0A2F2E80000100A1B2C3 /* Release */ = {
			isa = XCBuildConfiguration;
			buildSettings = {
				CODE_SIGN_ENTITLEMENTS = DaysUntilWidget/DaysUntilWidget.entitlements;
				CODE_SIGN_IDENTITY = "-";
				CODE_SIGN_INJECT_BASE_ENTITLEMENTS = NO;
				CODE_SIGN_STYLE = Automatic;
				CURRENT_PROJECT_VERSION = 12;
				ENABLE_APP_SANDBOX = YES;
				ENABLE_HARDENED_RUNTIME = YES;
				GENERATE_INFOPLIST_FILE = YES;
				INFOPLIST_FILE = DaysUntilWidget/Info.plist;
				INFOPLIST_KEY_CFBundleDisplayName = "Days Until";
				INFOPLIST_KEY_NSHumanReadableCopyright = "Copyright © 2026 Yinfeng Lu";
				LD_RUNPATH_SEARCH_PATHS = (
					"$(inherited)",
					"@executable_path/../Frameworks",
					"@executable_path/../../../../Frameworks",
				);
				MACOSX_DEPLOYMENT_TARGET = 14.0;
				MARKETING_VERSION = 0.3.4;
				PRODUCT_BUNDLE_IDENTIFIER = com.yinfenglu.DaysUntil.Widget;
				PRODUCT_NAME = "$(TARGET_NAME)";
				SKIP_INSTALL = YES;
				SWIFT_APPROACHABLE_CONCURRENCY = YES;
				SWIFT_DEFAULT_ACTOR_ISOLATION = MainActor;
				SWIFT_EMIT_LOC_STRINGS = YES;
				SWIFT_UPCOMING_FEATURE_MEMBER_IMPORT_VISIBILITY = YES;
				SWIFT_VERSION = 6.0;
			};
			name = Release;
		};
		4B1E0A392E80000100A1B2C3 /* Debug */ = {
			isa = XCBuildConfiguration;
			buildSettings = {
				CODE_SIGN_IDENTITY = "-";
				CODE_SIGN_STYLE = Automatic;
				CURRENT_PROJECT_VERSION = 12;
				GENERATE_INFOPLIST_FILE = YES;
				MACOSX_DEPLOYMENT_TARGET = 14.0;
				MARKETING_VERSION = 0.3.4;
				PRODUCT_BUNDLE_IDENTIFIER = com.yinfenglu.DaysUntilWidgetTests;
				PRODUCT_NAME = "$(TARGET_NAME)";
				SWIFT_APPROACHABLE_CONCURRENCY = YES;
				SWIFT_DEFAULT_ACTOR_ISOLATION = MainActor;
				SWIFT_EMIT_LOC_STRINGS = NO;
				SWIFT_UPCOMING_FEATURE_MEMBER_IMPORT_VISIBILITY = YES;
				SWIFT_VERSION = 6.0;
			};
			name = Debug;
		};
		4B1E0A3A2E80000100A1B2C3 /* Release */ = {
			isa = XCBuildConfiguration;
			buildSettings = {
				CODE_SIGN_IDENTITY = "-";
				CODE_SIGN_STYLE = Automatic;
				CURRENT_PROJECT_VERSION = 12;
				GENERATE_INFOPLIST_FILE = YES;
				MACOSX_DEPLOYMENT_TARGET = 14.0;
				MARKETING_VERSION = 0.3.4;
				PRODUCT_BUNDLE_IDENTIFIER = com.yinfenglu.DaysUntilWidgetTests;
				PRODUCT_NAME = "$(TARGET_NAME)";
				SWIFT_APPROACHABLE_CONCURRENCY = YES;
				SWIFT_DEFAULT_ACTOR_ISOLATION = MainActor;
				SWIFT_EMIT_LOC_STRINGS = NO;
				SWIFT_UPCOMING_FEATURE_MEMBER_IMPORT_VISIBILITY = YES;
				SWIFT_VERSION = 6.0;
			};
			name = Release;
		};
/* End XCBuildConfiguration section */

/* Begin XCConfigurationList section */
		4B1E0A0A2E80000100A1B2C3 /* Build configuration list for PBXProject "DaysUntil" */ = {
			isa = XCConfigurationList;
			buildConfigurations = (
				4B1E0A0C2E80000100A1B2C3 /* Debug */,
				4B1E0A0D2E80000100A1B2C3 /* Release */,
			);
			defaultConfigurationIsVisible = 0;
			defaultConfigurationName = Release;
		};
		4B1E0A0B2E80000100A1B2C3 /* Build configuration list for PBXNativeTarget "DaysUntil" */ = {
			isa = XCConfigurationList;
			buildConfigurations = (
				4B1E0A0E2E80000100A1B2C3 /* Debug */,
				4B1E0A0F2E80000100A1B2C3 /* Release */,
			);
			defaultConfigurationIsVisible = 0;
			defaultConfigurationName = Release;
		};
		4B1E0A182E80000100A1B2C3 /* Build configuration list for PBXNativeTarget "DaysUntilTests" */ = {
			isa = XCConfigurationList;
			buildConfigurations = (
				4B1E0A192E80000100A1B2C3 /* Debug */,
				4B1E0A1A2E80000100A1B2C3 /* Release */,
			);
			defaultConfigurationIsVisible = 0;
			defaultConfigurationName = Release;
		};
		4B1E0A2D2E80000100A1B2C3 /* Build configuration list for PBXNativeTarget "DaysUntilWidget" */ = {
			isa = XCConfigurationList;
			buildConfigurations = (
				4B1E0A2E2E80000100A1B2C3 /* Debug */,
				4B1E0A2F2E80000100A1B2C3 /* Release */,
			);
			defaultConfigurationIsVisible = 0;
			defaultConfigurationName = Release;
		};
		4B1E0A382E80000100A1B2C3 /* Build configuration list for PBXNativeTarget "DaysUntilWidgetTests" */ = {
			isa = XCConfigurationList;
			buildConfigurations = (
				4B1E0A392E80000100A1B2C3 /* Debug */,
				4B1E0A3A2E80000100A1B2C3 /* Release */,
			);
			defaultConfigurationIsVisible = 0;
			defaultConfigurationName = Release;
		};
/* End XCConfigurationList section */

/* Begin XCRemoteSwiftPackageReference section */
		4B1E0A412E80000100A1B2C3 /* XCRemoteSwiftPackageReference "Sparkle" */ = {
			isa = XCRemoteSwiftPackageReference;
			repositoryURL = "https://github.com/sparkle-project/Sparkle";
			requirement = {
				kind = upToNextMajorVersion;
				minimumVersion = 2.10.0;
			};
		};
/* End XCRemoteSwiftPackageReference section */

/* Begin XCSwiftPackageProductDependency section */
		4B1E0A422E80000100A1B2C3 /* Sparkle */ = {
			isa = XCSwiftPackageProductDependency;
			package = 4B1E0A412E80000100A1B2C3 /* XCRemoteSwiftPackageReference "Sparkle" */;
			productName = Sparkle;
		};
/* End XCSwiftPackageProductDependency section */
	};
	rootObject = 4B1E0A092E80000100A1B2C3 /* Project object */;
}
